
Microsoft Visual Studio Solution File, Format Version 12.00
# Visual Studio 15
VisualStudioVersion = 15.0.28307.106
MinimumVisualStudioVersion = 10.0.40219.1
Project("{FAE04EC0-301F-11D3-BF4B-00C04F79EFBC}") = "Converter", "Converter\Converter.csproj", "{89D1FDA1-9760-4F16-BFB3-70601BD71172}"
EndProject
Project("{FAE04EC0-301F-11D3-BF4B-00C04F79EFBC}") = "UnitTestProject", "UnitTestProject\UnitTestProject.csproj", "{2B8ABAF8-35A2-4093-B4EC-96FB06848F8A}"
	ProjectSection(ProjectDependencies) = postProject
		{89D1FDA1-9760-4F16-BFB3-70601BD71172} = {89D1FDA1-9760-4F16-BFB3-70601BD71172}
	EndProjectSection
EndProject
Global
	GlobalSection(SolutionConfigurationPlatforms) = preSolution
		Debug|Any CPU = Debug|Any CPU
		Release|Any CPU = Release|Any CPU
	EndGlobalSection
	GlobalSection(ProjectConfigurationPlatforms) = postSolution
		{89D1FDA1-9760-4F16-BFB3-70601BD71172}.Debug|Any CPU.ActiveCfg = Debug|Any CPU
		{89D1FDA1-9760-4F16-BFB3-70601BD71172}.Debug|Any CPU.Build.0 = Debug|Any CPU
		{89D1FDA1-9760-4F16-BFB3-70601BD71172}.Release|Any CPU.ActiveCfg = Release|Any CPU
		{89D1FDA1-9760-4F16-BFB3-70601BD71172}.Release|Any CPU.Build.0 = Release|Any CPU
		{2B8ABAF8-35A2-4093-B4EC-96FB06848F8A}.Debug|Any CPU.ActiveCfg = Debug|Any CPU
		{2B8ABAF8-35A2-4093-B4EC-96FB06848F8A}.Debug|Any CPU.Build.0 = Debug|Any CPU
		{2B8ABAF8-35A2-4093-B4EC-96FB06848F8A}.Release|Any CPU.ActiveCfg = Release|Any CPU
		{2B8ABAF8-35A2-4093-B4EC-96FB06848F8A}.Release|Any CPU.Build.0 = Release|Any CPU
	EndGlobalSection
	GlobalSection(SolutionProperties) = preSolution
		HideSolutionNode = FALSE
	EndGlobalSection
	GlobalSection(ExtensibilityGlobals) = postSolution
		SolutionGuid = {1A58A416-87E0-4BCE-ADB7-7309C198E754}
	EndGlobalSection
EndGlobal
